
Microsoft Visual Studio Solution File, Format Version 12.00
# Visual Studio 14
VisualStudioVersion = 14.0.25123.0
MinimumVisualStudioVersion = 10.0.40219.1
Project("{2150E333-8FDC-42A3-9474-1A3956D46DE8}") = "OpenGLESApp1.Android.Application", "OpenGLESApp1.Android.Application", "{34032FF8-CEC2-4C55-BA7A-CDA0C2EDE35B}"
EndProject
Project("{39E2626F-3545-4960-A6E8-258AD8476CE5}") = "OpenGLESApp1.Android.Application", "OpenGLESApp1\OpenGLESApp1.Android.Application\OpenGLESApp1.Android.Application.androidproj", "{BAA51E68-6E59-4EE6-AA95-AB835024A224}"
EndProject
Project("{8BC9CEB8-8B4A-11D0-8D11-00A0C91BC942}") = "OpenGLESApp1.Android.NativeActivity", "OpenGLESApp1\OpenGLESApp1.Android.NativeActivity\OpenGLESApp1.Android.NativeActivity.vcxproj", "{84745ADB-27B4-455C-B589-B4613D4CED1D}"
EndProject
Project("{740547C8-F205-44CF-8284-0B59C7DD69BD}") = "OpenGLESApp1.iOS.Application", "OpenGLESApp1\OpenGLESApp1.iOS.Application\OpenGLESApp1.iOS.Application.xcodeproj\project.pbxproj", "{0CD4A620-45B3-4BA2-8DB6-95BE5018E481}"
EndProject
Project("{8BC9CEB8-8B4A-11D0-8D11-00A0C91BC942}") = "OpenGLESApp1.WindowsUniversal.Application", "OpenGLESApp1\OpenGLESApp1.WindowsUniversal.Application\OpenGLESApp1.WindowsUniversal.Application.vcxproj", "{882CA4D6-CBF5-4887-9890-4E61B90BE9B2}"
EndProject
Project("{2150E333-8FDC-42A3-9474-1A3956D46DE8}") = "Library", "Library", "{F82C7F28-8D8D-4E9C-ADF9-0E93317CA245}"
EndProject
Project("{8BC9CEB8-8B4A-11D0-8D11-00A0C91BC942}") = "OpenGLESApp1.Shared", "OpenGLESApp1\OpenGLESApp1.Shared\OpenGLESApp1.Shared.vcxitems", "{61546CEE-BCFB-4FE4-A69A-1231F7EB2B53}"
EndProject
Project("{8BC9CEB8-8B4A-11D0-8D11-00A0C91BC942}") = "OpenGLESApp1.Android.StaticLibrary", "OpenGLESApp1\OpenGLESApp1.Android.StaticLibrary\OpenGLESApp1.Android.StaticLibrary.vcxproj", "{6A0C967A-614E-49EB-A2D0-C8F489D06DA4}"
EndProject
Project("{8BC9CEB8-8B4A-11D0-8D11-00A0C91BC942}") = "OpenGLESApp1.iOS.StaticLibrary", "OpenGLESApp1\OpenGLESApp1.iOS.StaticLibrary\OpenGLESApp1.iOS.StaticLibrary.vcxproj", "{5313F771-BC4B-4174-8D1C-834FB56D0006}"
EndProject
Project("{8BC9CEB8-8B4A-11D0-8D11-00A0C91BC942}") = "OpenGLESApp1.WindowsUniversal.StaticLibrary", "OpenGLESApp1\OpenGLESApp1.WindowsUniversal.StaticLibrary\OpenGLESApp1.WindowsUniversal.StaticLibrary.vcxproj", "{080B9CCA-B43F-426D-9E65-E0EA9CCC3339}"
EndProject
Global
	GlobalSection(SharedMSBuildProjectFiles) = preSolution
		OpenGLESApp1\OpenGLESApp1.Shared\OpenGLESApp1.Shared.vcxitems*{6a0c967a-614e-49eb-a2d0-c8f489d06da4}*SharedItemsImports = 4
		OpenGLESApp1\OpenGLESApp1.Shared\OpenGLESApp1.Shared.vcxitems*{61546cee-bcfb-4fe4-a69a-1231f7eb2b53}*SharedItemsImports = 9
		OpenGLESApp1\OpenGLESApp1.Shared\OpenGLESApp1.Shared.vcxitems*{080b9cca-b43f-426d-9e65-e0ea9ccc3339}*SharedItemsImports = 4
		OpenGLESApp1\OpenGLESApp1.Shared\OpenGLESApp1.Shared.vcxitems*{5313f771-bc4b-4174-8d1c-834fb56d0006}*SharedItemsImports = 4
	EndGlobalSection
	GlobalSection(SolutionConfigurationPlatforms) = preSolution
		Debug|ARM = Debug|ARM
		Debug|ARM64 = Debug|ARM64
		Debug|x64 = Debug|x64
		Debug|x86 = Debug|x86
		Release|ARM = Release|ARM
		Release|ARM64 = Release|ARM64
		Release|x64 = Release|x64
		Release|x86 = Release|x86
	EndGlobalSection
	GlobalSection(ProjectConfigurationPlatforms) = postSolution
		{BAA51E68-6E59-4EE6-AA95-AB835024A224}.Debug|ARM.ActiveCfg = Debug|ARM
		{BAA51E68-6E59-4EE6-AA95-AB835024A224}.Debug|ARM.Build.0 = Debug|ARM
		{BAA51E68-6E59-4EE6-AA95-AB835024A224}.Debug|ARM.Deploy.0 = Debug|ARM
		{BAA51E68-6E59-4EE6-AA95-AB835024A224}.Debug|ARM64.ActiveCfg = Debug|ARM64
		{BAA51E68-6E59-4EE6-AA95-AB835024A224}.Debug|ARM64.Build.0 = Debug|ARM64
		{BAA51E68-6E59-4EE6-AA95-AB835024A224}.Debug|ARM64.Deploy.0 = Debug|ARM64
		{BAA51E68-6E59-4EE6-AA95-AB835024A224}.Debug|x64.ActiveCfg = Debug|x64
		{BAA51E68-6E59-4EE6-AA95-AB835024A224}.Debug|x64.Build.0 = Debug|x64
		{BAA51E68-6E59-4EE6-AA95-AB835024A224}.Debug|x64.Deploy.0 = Debug|x64
		{BAA51E68-6E59-4EE6-AA95-AB835024A224}.Debug|x86.ActiveCfg = Debug|x86
		{BAA51E68-6E59-4EE6-AA95-AB835024A224}.Debug|x86.Build.0 = Debug|x86
		{BAA51E68-6E59-4EE6-AA95-AB835024A224}.Debug|x86.Deploy.0 = Debug|x86
		{BAA51E68-6E59-4EE6-AA95-AB835024A224}.Release|ARM.ActiveCfg = Release|ARM
		{BAA51E68-6E59-4EE6-AA95-AB835024A224}.Release|ARM.Build.0 = Release|ARM
		{BAA51E68-6E59-4EE6-AA95-AB835024A224}.Release|ARM.Deploy.0 = Release|ARM
		{BAA51E68-6E59-4EE6-AA95-AB835024A224}.Release|ARM64.ActiveCfg = Release|ARM64
		{BAA51E68-6E59-4EE6-AA95-AB835024A224}.Release|ARM64.Build.0 = Release|ARM64
		{BAA51E68-6E59-4EE6-AA95-AB835024A224}.Release|ARM64.Deploy.0 = Release|ARM64
		{BAA51E68-6E59-4EE6-AA95-AB835024A224}.Release|x64.ActiveCfg = Release|x64
		{BAA51E68-6E59-4EE6-AA95-AB835024A224}.Release|x64.Build.0 = Release|x64
		{BAA51E68-6E59-4EE6-AA95-AB835024A224}.Release|x64.Deploy.0 = Release|x64
		{BAA51E68-6E59-4EE6-AA95-AB835024A224}.Release|x86.ActiveCfg = Release|x86
		{BAA51E68-6E59-4EE6-AA95-AB835024A224}.Release|x86.Build.0 = Release|x86
		{BAA51E68-6E59-4EE6-AA95-AB835024A224}.Release|x86.Deploy.0 = Release|x86
		{84745ADB-27B4-455C-B589-B4613D4CED1D}.Debug|ARM.ActiveCfg = Debug|ARM
		{84745ADB-27B4-455C-B589-B4613D4CED1D}.Debug|ARM.Build.0 = Debug|ARM
		{84745ADB-27B4-455C-B589-B4613D4CED1D}.Debug|ARM64.ActiveCfg = Debug|ARM64
		{84745ADB-27B4-455C-B589-B4613D4CED1D}.Debug|ARM64.Build.0 = Debug|ARM64
		{84745ADB-27B4-455C-B589-B4613D4CED1D}.Debug|x64.ActiveCfg = Debug|x64
		{84745ADB-27B4-455C-B589-B4613D4CED1D}.Debug|x64.Build.0 = Debug|x64
		{84745ADB-27B4-455C-B589-B4613D4CED1D}.Debug|x86.ActiveCfg = Debug|x86
		{84745ADB-27B4-455C-B589-B4613D4CED1D}.Debug|x86.Build.0 = Debug|x86
		{84745ADB-27B4-455C-B589-B4613D4CED1D}.Release|ARM.ActiveCfg = Release|ARM
		{84745ADB-27B4-455C-B589-B4613D4CED1D}.Release|ARM.Build.0 = Release|ARM
		{84745ADB-27B4-455C-B589-B4613D4CED1D}.Release|ARM64.ActiveCfg = Release|ARM64
		{84745ADB-27B4-455C-B589-B4613D4CED1D}.Release|ARM64.Build.0 = Release|ARM64
		{84745ADB-27B4-455C-B589-B4613D4CED1D}.Release|x64.ActiveCfg = Release|x64
		{84745ADB-27B4-455C-B589-B4613D4CED1D}.Release|x64.Build.0 = Release|x64
		{84745ADB-27B4-455C-B589-B4613D4CED1D}.Release|x86.ActiveCfg = Release|x86
		{84745ADB-27B4-455C-B589-B4613D4CED1D}.Release|x86.Build.0 = Release|x86
		{0CD4A620-45B3-4BA2-8DB6-95BE5018E481}.Debug|ARM.ActiveCfg = Debug|ARM
		{0CD4A620-45B3-4BA2-8DB6-95BE5018E481}.Debug|ARM.Build.0 = Debug|ARM
		{0CD4A620-45B3-4BA2-8DB6-95BE5018E481}.Debug|ARM.Deploy.0 = Debug|ARM
		{0CD4A620-45B3-4BA2-8DB6-95BE5018E481}.Debug|ARM64.ActiveCfg = Debug|ARM64
		{0CD4A620-45B3-4BA2-8DB6-95BE5018E481}.Debug|ARM64.Build.0 = Debug|ARM64
		{0CD4A620-45B3-4BA2-8DB6-95BE5018E481}.Debug|ARM64.Deploy.0 = Debug|ARM64
		{0CD4A620-45B3-4BA2-8DB6-95BE5018E481}.Debug|x64.ActiveCfg = Debug|x64
		{0CD4A620-45B3-4BA2-8DB6-95BE5018E481}.Debug|x64.Build.0 = Debug|x64
		{0CD4A620-45B3-4BA2-8DB6-95BE5018E481}.Debug|x64.Deploy.0 = Debug|x64
		{0CD4A620-45B3-4BA2-8DB6-95BE5018E481}.Debug|x86.ActiveCfg = Debug|x86
		{0CD4A620-45B3-4BA2-8DB6-95BE5018E481}.Debug|x86.Build.0 = Debug|x86
		{0CD4A620-45B3-4BA2-8DB6-95BE5018E481}.Debug|x86.Deploy.0 = Debug|x86
		{0CD4A620-45B3-4BA2-8DB6-95BE5018E481}.Release|ARM.ActiveCfg = Release|ARM
		{0CD4A620-45B3-4BA2-8DB6-95BE5018E481}.Release|ARM.Build.0 = Release|ARM
		{0CD4A620-45B3-4BA2-8DB6-95BE5018E481}.Release|ARM.Deploy.0 = Release|ARM
		{0CD4A620-45B3-4BA2-8DB6-95BE5018E481}.Release|ARM64.ActiveCfg = Release|ARM64
		{0CD4A620-45B3-4BA2-8DB6-95BE5018E481}.Release|ARM64.Build.0 = Release|ARM64
		{0CD4A620-45B3-4BA2-8DB6-95BE5018E481}.Release|ARM64.Deploy.0 = Release|ARM64
		{0CD4A620-45B3-4BA2-8DB6-95BE5018E481}.Release|x64.ActiveCfg = Release|x64
		{0CD4A620-45B3-4BA2-8DB6-95BE5018E481}.Release|x64.Build.0 = Release|x64
		{0CD4A620-45B3-4BA2-8DB6-95BE5018E481}.Release|x64.Deploy.0 = Release|x64
		{0CD4A620-45B3-4BA2-8DB6-95BE5018E481}.Release|x86.ActiveCfg = Release|x86
		{0CD4A620-45B3-4BA2-8DB6-95BE5018E481}.Release|x86.Build.0 = Release|x86
		{0CD4A620-45B3-4BA2-8DB6-95BE5018E481}.Release|x86.Deploy.0 = Release|x86
		{882CA4D6-CBF5-4887-9890-4E61B90BE9B2}.Debug|ARM.ActiveCfg = Debug|ARM
		{882CA4D6-CBF5-4887-9890-4E61B90BE9B2}.Debug|ARM.Build.0 = Debug|ARM
		{882CA4D6-CBF5-4887-9890-4E61B90BE9B2}.Debug|ARM.Deploy.0 = Debug|ARM
		{882CA4D6-CBF5-4887-9890-4E61B90BE9B2}.Debug|ARM64.ActiveCfg = Debug|Win32
		{882CA4D6-CBF5-4887-9890-4E61B90BE9B2}.Debug|x64.ActiveCfg = Debug|x64
		{882CA4D6-CBF5-4887-9890-4E61B90BE9B2}.Debug|x64.Build.0 = Debug|x64
		{882CA4D6-CBF5-4887-9890-4E61B90BE9B2}.Debug|x64.Deploy.0 = Debug|x64
		{882CA4D6-CBF5-4887-9890-4E61B90BE9B2}.Debug|x86.ActiveCfg = Debug|Win32
		{882CA4D6-CBF5-4887-9890-4E61B90BE9B2}.Debug|x86.Build.0 = Debug|Win32
		{882CA4D6-CBF5-4887-9890-4E61B90BE9B2}.Debug|x86.Deploy.0 = Debug|Win32
		{882CA4D6-CBF5-4887-9890-4E61B90BE9B2}.Release|ARM.ActiveCfg = Release|ARM
		{882CA4D6-CBF5-4887-9890-4E61B90BE9B2}.Release|ARM.Build.0 = Release|ARM
		{882CA4D6-CBF5-4887-9890-4E61B90BE9B2}.Release|ARM.Deploy.0 = Release|ARM
		{882CA4D6-CBF5-4887-9890-4E61B90BE9B2}.Release|ARM64.ActiveCfg = Release|Win32
		{882CA4D6-CBF5-4887-9890-4E61B90BE9B2}.Release|x64.ActiveCfg = Release|x64
		{882CA4D6-CBF5-4887-9890-4E61B90BE9B2}.Release|x64.Build.0 = Release|x64
		{882CA4D6-CBF5-4887-9890-4E61B90BE9B2}.Release|x64.Deploy.0 = Release|x64
		{882CA4D6-CBF5-4887-9890-4E61B90BE9B2}.Release|x86.ActiveCfg = Release|Win32
		{882CA4D6-CBF5-4887-9890-4E61B90BE9B2}.Release|x86.Build.0 = Release|Win32
		{882CA4D6-CBF5-4887-9890-4E61B90BE9B2}.Release|x86.Deploy.0 = Release|Win32
		{6A0C967A-614E-49EB-A2D0-C8F489D06DA4}.Debug|ARM.ActiveCfg = Debug|ARM
		{6A0C967A-614E-49EB-A2D0-C8F489D06DA4}.Debug|ARM.Build.0 = Debug|ARM
		{6A0C967A-614E-49EB-A2D0-C8F489D06DA4}.Debug|ARM64.ActiveCfg = Debug|ARM64
		{6A0C967A-614E-49EB-A2D0-C8F489D06DA4}.Debug|ARM64.Build.0 = Debug|ARM64
		{6A0C967A-614E-49EB-A2D0-C8F489D06DA4}.Debug|x64.ActiveCfg = Debug|x64
		{6A0C967A-614E-49EB-A2D0-C8F489D06DA4}.Debug|x64.Build.0 = Debug|x64
		{6A0C967A-614E-49EB-A2D0-C8F489D06DA4}.Debug|x86.ActiveCfg = Debug|x86
		{6A0C967A-614E-49EB-A2D0-C8F489D06DA4}.Debug|x86.Build.0 = Debug|x86
		{6A0C967A-614E-49EB-A2D0-C8F489D06DA4}.Release|ARM.ActiveCfg = Release|ARM
		{6A0C967A-614E-49EB-A2D0-C8F489D06DA4}.Release|ARM.Build.0 = Release|ARM
		{6A0C967A-614E-49EB-A2D0-C8F489D06DA4}.Release|ARM64.ActiveCfg = Release|ARM64
		{6A0C967A-614E-49EB-A2D0-C8F489D06DA4}.Release|ARM64.Build.0 = Release|ARM64
		{6A0C967A-614E-49EB-A2D0-C8F489D06DA4}.Release|x64.ActiveCfg = Release|x64
		{6A0C967A-614E-49EB-A2D0-C8F489D06DA4}.Release|x64.Build.0 = Release|x64
		{6A0C967A-614E-49EB-A2D0-C8F489D06DA4}.Release|x86.ActiveCfg = Release|x86
		{6A0C967A-614E-49EB-A2D0-C8F489D06DA4}.Release|x86.Build.0 = Release|x86
		{5313F771-BC4B-4174-8D1C-834FB56D0006}.Debug|ARM.ActiveCfg = Debug|ARM
		{5313F771-BC4B-4174-8D1C-834FB56D0006}.Debug|ARM.Build.0 = Debug|ARM
		{5313F771-BC4B-4174-8D1C-834FB56D0006}.Debug|ARM64.ActiveCfg = Debug|ARM64
		{5313F771-BC4B-4174-8D1C-834FB56D0006}.Debug|ARM64.Build.0 = Debug|ARM64
		{5313F771-BC4B-4174-8D1C-834FB56D0006}.Debug|x64.ActiveCfg = Debug|x64
		{5313F771-BC4B-4174-8D1C-834FB56D0006}.Debug|x64.Build.0 = Debug|x64
		{5313F771-BC4B-4174-8D1C-834FB56D0006}.Debug|x86.ActiveCfg = Debug|x86
		{5313F771-BC4B-4174-8D1C-834FB56D0006}.Debug|x86.Build.0 = Debug|x86
		{5313F771-BC4B-4174-8D1C-834FB56D0006}.Release|ARM.ActiveCfg = Release|ARM
		{5313F771-BC4B-4174-8D1C-834FB56D0006}.Release|ARM.Build.0 = Release|ARM
		{5313F771-BC4B-4174-8D1C-834FB56D0006}.Release|ARM64.ActiveCfg = Release|ARM64
		{5313F771-BC4B-4174-8D1C-834FB56D0006}.Release|ARM64.Build.0 = Release|ARM64
		{5313F771-BC4B-4174-8D1C-834FB56D0006}.Release|x64.ActiveCfg = Release|x64
		{5313F771-BC4B-4174-8D1C-834FB56D0006}.Release|x64.Build.0 = Release|x64
		{5313F771-BC4B-4174-8D1C-834FB56D0006}.Release|x86.ActiveCfg = Release|x86
		{5313F771-BC4B-4174-8D1C-834FB56D0006}.Release|x86.Build.0 = Release|x86
		{080B9CCA-B43F-426D-9E65-E0EA9CCC3339}.Debug|ARM.ActiveCfg = Debug|ARM
		{080B9CCA-B43F-426D-9E65-E0EA9CCC3339}.Debug|ARM.Build.0 = Debug|ARM
		{080B9CCA-B43F-426D-9E65-E0EA9CCC3339}.Debug|ARM64.ActiveCfg = Debug|Win32
		{080B9CCA-B43F-426D-9E65-E0EA9CCC3339}.Debug|x64.ActiveCfg = Debug|x64
		{080B9CCA-B43F-426D-9E65-E0EA9CCC3339}.Debug|x64.Build.0 = Debug|x64
		{080B9CCA-B43F-426D-9E65-E0EA9CCC3339}.Debug|x86.ActiveCfg = Debug|Win32
		{080B9CCA-B43F-426D-9E65-E0EA9CCC3339}.Debug|x86.Build.0 = Debug|Win32
		{080B9CCA-B43F-426D-9E65-E0EA9CCC3339}.Release|ARM.ActiveCfg = Release|ARM
		{080B9CCA-B43F-426D-9E65-E0EA9CCC3339}.Release|ARM.Build.0 = Release|ARM
		{080B9CCA-B43F-426D-9E65-E0EA9CCC3339}.Release|ARM64.ActiveCfg = Release|Win32
		{080B9CCA-B43F-426D-9E65-E0EA9CCC3339}.Release|x64.ActiveCfg = Release|x64
		{080B9CCA-B43F-426D-9E65-E0EA9CCC3339}.Release|x64.Build.0 = Release|x64
		{080B9CCA-B43F-426D-9E65-E0EA9CCC3339}.Release|x86.ActiveCfg = Release|Win32
		{080B9CCA-B43F-426D-9E65-E0EA9CCC3339}.Release|x86.Build.0 = Release|Win32
	EndGlobalSection
	GlobalSection(SolutionProperties) = preSolution
		HideSolutionNode = FALSE
	EndGlobalSection
	GlobalSection(NestedProjects) = preSolution
		{BAA51E68-6E59-4EE6-AA95-AB835024A224} = {34032FF8-CEC2-4C55-BA7A-CDA0C2EDE35B}
		{84745ADB-27B4-455C-B589-B4613D4CED1D} = {34032FF8-CEC2-4C55-BA7A-CDA0C2EDE35B}
		{61546CEE-BCFB-4FE4-A69A-1231F7EB2B53} = {F82C7F28-8D8D-4E9C-ADF9-0E93317CA245}
		{6A0C967A-614E-49EB-A2D0-C8F489D06DA4} = {F82C7F28-8D8D-4E9C-ADF9-0E93317CA245}
		{5313F771-BC4B-4174-8D1C-834FB56D0006} = {F82C7F28-8D8D-4E9C-ADF9-0E93317CA245}
		{080B9CCA-B43F-426D-9E65-E0EA9CCC3339} = {F82C7F28-8D8D-4E9C-ADF9-0E93317CA245}
	EndGlobalSection
EndGlobal
